<?xml version="1.0" encoding="utf-8"?>
<Project ToolsVersion="4.0" xmlns="http://schemas.microsoft.com/developer/msbuild/2003">
  <ItemGroup>
    <ClCompile Include="Source\main.cpp" />
    <ClCompile Include="Source\Engine\SwimEngine.cpp" />
    <ClCompile Include="Source\Engine\Utility\PCH.cpp" />
    <ClCompile Include="Source\Engine\Systems\SystemManager.cpp" />
    <ClCompile Include="Source\Engine\Systems\Scene\Scene.cpp" />
    <ClCompile Include="Source\Engine\Systems\Scene\SceneSystem.cpp" />
    <ClCompile Include="Source\Game\Scenes\Sandbox.cpp" />
    <ClCompile Include="Source\Engine\Systems\IO\InputManager.cpp" />
    <ClCompile Include="Source\Library\glad\src\gl.c" />
    <ClCompile Include="Source\Library\glad\src\wgl.c" />
    <ClCompile Include="Source\Engine\Systems\Renderer\Core\Camera\CameraSystem.cpp" />
    <ClCompile Include="Source\Engine\Systems\Renderer\Core\Material\MaterialPool.cpp" />
    <ClCompile Include="Source\Engine\Systems\Renderer\Core\Meshes\MeshPool.cpp" />
    <ClCompile Include="Source\Engine\Systems\Renderer\Core\Textures\Texture2D.cpp" />
    <ClCompile Include="Source\Engine\Systems\Renderer\Core\Textures\TexturePool.cpp" />
    <ClCompile Include="Source\Engine\Systems\Renderer\OpenGL\OpenGLBuffer.cpp" />
    <ClCompile Include="Source\Engine\Systems\Renderer\OpenGL\OpenGLRenderer.cpp" />
    <ClCompile Include="Source\Engine\Systems\Renderer\OpenGL\ShaderToyRendererGL.cpp" />
    <ClCompile Include="Source\Engine\Systems\Renderer\Vulkan\Buffers\VulkanBuffer.cpp" />
    <ClCompile Include="Source\Engine\Systems\Renderer\Vulkan\VulkanCommandManager.cpp" />
    <ClCompile Include="Source\Engine\Systems\Renderer\Vulkan\VulkanDescriptorManager.cpp" />
    <ClCompile Include="Source\Engine\Systems\Renderer\Vulkan\VulkanDeviceManager.cpp" />
    <ClCompile Include="Source\Engine\Systems\Renderer\Vulkan\Buffers\VulkanInstanceBuffer.cpp" />
    <ClCompile Include="Source\Engine\Systems\Renderer\Vulkan\VulkanIndexDraw.cpp" />
    <ClCompile Include="Source\Engine\Systems\Renderer\Vulkan\VulkanPipelineManager.cpp" />
    <ClCompile Include="Source\Engine\Systems\Renderer\Vulkan\VulkanRenderer.cpp" />
    <ClCompile Include="Source\Engine\Systems\Renderer\Vulkan\VulkanSwapChain.cpp" />
    <ClCompile Include="Source\Engine\Systems\Renderer\Vulkan\VulkanSyncManager.cpp" />
    <ClCompile Include="Source\Engine\Systems\Scene\SubSceneSystems\SceneBVH.cpp" />
    <ClCompile Include="Source\Engine\Systems\Scene\SubSceneSystems\SceneDebugDraw.cpp" />
    <ClCompile Include="Source\Engine\Systems\Renderer\OpenGL\OpenGLCubeMap.cpp" />
    <ClCompile Include="Source\Engine\Systems\Renderer\Core\Environment\CubeMapController.cpp" />
    <ClCompile Include="Source\Engine\Systems\Renderer\Renderer.cpp" />
    <ClCompile Include="Source\Engine\Systems\Renderer\Core\Environment\CubeMap.cpp" />
    <ClCompile Include="Source\Engine\Systems\Renderer\Vulkan\VulkanCubeMap.cpp" />
    <ClCompile Include="Source\Library\stb\stb_image_resize2.cpp" />
    <ClCompile Include="Source\Engine\Systems\Entity\Behavior.cpp" />
    <ClCompile Include="Source\Engine\Systems\Entity\EntityFactory.cpp" />
    <ClCompile Include="Source\Game\Behaviors\CameraControl\EditorCamera.cpp" />
    <ClCompile Include="Source\Game\Behaviors\Demo\SimpleMovement.cpp" />
    <ClCompile Include="Source\Game\Behaviors\Demo\CubeMapControlTest.cpp" />
  </ItemGroup>
  <ItemGroup>
    <ClInclude Include="Source\Engine\SwimEngine.h" />
    <ClInclude Include="Source\Engine\Machine.h" />
    <ClInclude Include="Source\Engine\Utility\PCH.h" />
    <ClInclude Include="Source\Engine\Systems\SystemManager.h" />
    <ClInclude Include="Source\Engine\Systems\Scene\Scene.h" />
    <ClInclude Include="Source\Engine\Systems\Scene\SceneSystem.h" />
    <ClInclude Include="Source\Game\Scenes\SandBox.h" />
    <ClInclude Include="Source\Library\EnTT\entt.hpp" />
    <ClInclude Include="Source\Engine\Components\Transform.h" />
    <ClInclude Include="Source\Engine\Systems\IO\InputManager.h" />
    <ClInclude Include="Source\Engine\Components\Material.h" />
    <ClInclude Include="Source\Library\glad\include\glad\gl.h" />
    <ClInclude Include="Source\Library\glad\include\glad\wgl.h" />
    <ClInclude Include="Source\Library\glad\include\KHR\khrplatform.h" />
    <ClInclude Include="Source\Engine\Systems\Renderer\Vulkan\Buffers\VulkanGpuInstanceData.h" />
    <ClInclude Include="Source\Engine\Systems\Renderer\Core\Camera\CameraSystem.h" />
    <ClInclude Include="Source\Engine\Systems\Renderer\Core\Material\MaterialData.h" />
    <ClInclude Include="Source\Engine\Systems\Renderer\Core\Material\MaterialPool.h" />
    <ClInclude Include="Source\Engine\Systems\Renderer\Core\Meshes\Mesh.h" />
    <ClInclude Include="Source\Engine\Systems\Renderer\Core\Meshes\MeshBufferData.h" />
    <ClInclude Include="Source\Engine\Systems\Renderer\Core\Meshes\MeshPool.h" />
    <ClInclude Include="Source\Engine\Systems\Renderer\Core\Meshes\Vertex.h" />
    <ClInclude Include="Source\Engine\Systems\Renderer\Core\Textures\Texture2D.h" />
    <ClInclude Include="Source\Engine\Systems\Renderer\Core\Textures\TexturePool.h" />
    <ClInclude Include="Source\Engine\Systems\Renderer\OpenGL\OpenGLBuffer.h" />
    <ClInclude Include="Source\Engine\Systems\Renderer\OpenGL\OpenGLRenderer.h" />
    <ClInclude Include="Source\Engine\Systems\Renderer\OpenGL\ShaderToyRendererGL.h" />
    <ClInclude Include="Source\Engine\Systems\Renderer\Vulkan\Buffers\VulkanBuffer.h" />
    <ClInclude Include="Source\Engine\Systems\Renderer\Vulkan\VulkanCommandManager.h" />
    <ClInclude Include="Source\Engine\Systems\Renderer\Vulkan\VulkanDescriptorManager.h" />
    <ClInclude Include="Source\Engine\Systems\Renderer\Vulkan\VulkanDeviceManager.h" />
    <ClInclude Include="Source\Engine\Systems\Renderer\Vulkan\Buffers\VulkanInstanceBuffer.h" />
    <ClInclude Include="Source\Engine\Systems\Renderer\Vulkan\VulkanIndexDraw.h" />
    <ClInclude Include="Source\Engine\Systems\Renderer\Vulkan\VulkanPipelineManager.h" />
    <ClInclude Include="Source\Engine\Systems\Renderer\Vulkan\VulkanRenderer.h" />
    <ClInclude Include="Source\Engine\Systems\Renderer\Vulkan\VulkanSwapChain.h" />
    <ClInclude Include="Source\Engine\Systems\Renderer\Vulkan\VulkanSyncManager.h" />
    <ClInclude Include="Source\Engine\Utility\ColorConstants.h" />
    <ClInclude Include="Source\Engine\Utility\RandomUtils.h" />
    <ClInclude Include="Source\Engine\Systems\Renderer\Core\Camera\Frustum.h" />
    <ClInclude Include="Source\Engine\Components\Internal\FrustumCullCache.h" />
    <ClInclude Include="Source\Engine\Systems\Scene\SubSceneSystems\SceneBVH.h" />
    <ClInclude Include="Source\Engine\Systems\Scene\SubSceneSystems\SceneDebugDraw.h" />
    <ClInclude Include="Source\Engine\Systems\Renderer\OpenGL\OpenGLCubeMap.h" />
    <ClInclude Include="Source\Library\stb\stb_image_resize2.h" />
    <ClInclude Include="Source\Engine\Systems\Renderer\Core\Environment\CubeMapController.h" />
    <ClInclude Include="Source\Engine\Systems\Renderer\Core\Environment\CubeMap.h" />
    <ClInclude Include="Source\Engine\Systems\Renderer\Renderer.h" />
    <ClInclude Include="Source\Engine\Systems\Renderer\Vulkan\VulkanCubeMap.h" />
    <ClInclude Include="Source\Library\stb\stb_image_resize2_wrapper.h" />
    <ClInclude Include="Source\Engine\Systems\Entity\Behavior.h" />
    <ClInclude Include="Source\Engine\Systems\Entity\EntityFactory.h" />
    <ClInclude Include="Source\Game\Behaviors\CameraControl\EditorCamera.h" />
    <ClInclude Include="Source\Engine\Systems\Entity\BehaviorComponents.h" />
    <ClInclude Include="Source\Game\Behaviors\Demo\SimpleMovement.h" />
    <ClInclude Include="Source\Game\Behaviors\Demo\CubeMapControlTest.h" />
  </ItemGroup>
  <ItemGroup>
    <None Include="Source\Shaders\OpenGL\fullscreen_vert_shadertoy.glsl" />
    <None Include="Source\Shaders\OpenGL\nuremberg.glsl" />
    <None Include="Source\Shaders\OpenGL\vertex.glsl" />
    <None Include="Source\Shaders\OpenGL\fragment.glsl" />
    <None Include="Source\Shaders\OpenGL\skybox_vert.glsl" />
    <None Include="Source\Shaders\OpenGL\skybox_frag.glsl" />
  </ItemGroup>
</Project>