<?xml version="1.0" encoding="utf-8"?>
<Project ToolsVersion="4.0" xmlns="http://schemas.microsoft.com/developer/msbuild/2003">
  <ItemGroup>
    <ClCompile Include="Source\main.cpp" />
    <ClCompile Include="Source\Engine\SwimEngine.cpp" />
    <ClCompile Include="Source\Engine\Utility\PCH.cpp" />
    <ClCompile Include="Source\Engine\Systems\SystemManager.cpp" />
    <ClCompile Include="Source\Engine\Systems\Scene\Scene.cpp" />
    <ClCompile Include="Source\Engine\Systems\Scene\SceneSystem.cpp" />
    <ClCompile Include="Source\Game\Scenes\Sandbox.cpp" />
    <ClCompile Include="Source\Engine\Systems\IO\InputManager.cpp" />
    <ClCompile Include="Source\Engine\Systems\Renderer\VulkanRenderer.cpp" />
    <ClCompile Include="Source\Engine\Systems\Renderer\Buffer\VulkanBuffer.cpp" />
    <ClCompile Include="Source\Engine\Systems\Renderer\CameraSystem.cpp" />
    <ClCompile Include="Source\Engine\Systems\Renderer\Meshes\MeshPool.cpp" />
    <ClCompile Include="Source\Engine\Systems\Renderer\Textures\Texture2D.cpp" />
    <ClCompile Include="Source\Engine\Systems\Renderer\Textures\TexturePool.cpp" />
    <ClCompile Include="Source\Engine\Systems\Renderer\PBR\DescriptorPool.cpp" />
    <ClCompile Include="Source\Engine\Systems\Renderer\PBR\MaterialDescriptor.cpp" />
    <ClCompile Include="Source\Engine\Systems\Renderer\PBR\MaterialPool.cpp" />
    <ClCompile Include="Source\Engine\Systems\Renderer\Buffer\OpenGLBuffer.cpp" />
    <ClCompile Include="Source\Engine\Systems\Renderer\OpenGLRenderer.cpp" />
    <ClCompile Include="Source\Library\glad\src\gl.c" />
    <ClCompile Include="Source\Library\glad\src\wgl.c" />
  </ItemGroup>
  <ItemGroup>
    <ClInclude Include="Source\Engine\SwimEngine.h" />
    <ClInclude Include="Source\Engine\Machine.h" />
    <ClInclude Include="Source\Engine\Utility\PCH.h" />
    <ClInclude Include="Source\Engine\Systems\SystemManager.h" />
    <ClInclude Include="Source\Engine\Systems\Scene\Scene.h" />
    <ClInclude Include="Source\Engine\Systems\Scene\SceneSystem.h" />
    <ClInclude Include="Source\Game\Scenes\SandBox.h" />
    <ClInclude Include="Source\Library\EnTT\entt.hpp" />
    <ClInclude Include="Source\Engine\Components\Transform.h" />
    <ClInclude Include="Source\Engine\Systems\IO\InputManager.h" />
    <ClInclude Include="Source\Engine\Systems\Renderer\VulkanRenderer.h" />
    <ClInclude Include="Source\Engine\Systems\Renderer\Buffer\VulkanBuffer.h" />
    <ClInclude Include="Source\Engine\Systems\Renderer\CameraSystem.h" />
    <ClInclude Include="Source\Engine\Systems\Renderer\Meshes\Mesh.h" />
    <ClInclude Include="Source\Engine\Systems\Renderer\Meshes\Vertex.h" />
    <ClInclude Include="Source\Engine\Systems\Renderer\Meshes\MeshPool.h" />
    <ClInclude Include="Source\Engine\Systems\Renderer\PBR\MaterialData.h" />
    <ClInclude Include="Source\Engine\Systems\Renderer\Meshes\MeshBufferData.h" />
    <ClInclude Include="Source\Engine\Systems\Renderer\Textures\Texture2D.h" />
    <ClInclude Include="Source\Engine\Systems\Renderer\Textures\TexturePool.h" />
    <ClInclude Include="Source\Engine\Systems\Renderer\PBR\MaterialDescriptor.h" />
    <ClInclude Include="Source\Engine\Systems\Renderer\PBR\DescriptorPool.h" />
    <ClInclude Include="Source\Engine\Components\Material.h" />
    <ClInclude Include="Source\Engine\Systems\Renderer\PBR\MaterialPool.h" />
    <ClInclude Include="Source\Engine\Systems\Renderer\Buffer\OpenGLBuffer.h" />
    <ClInclude Include="Source\Engine\Systems\Renderer\OpenGLRenderer.h" />
    <ClInclude Include="Source\Library\glad\include\glad\gl.h" />
    <ClInclude Include="Source\Library\glad\include\glad\wgl.h" />
    <ClInclude Include="Source\Library\glad\include\KHR\khrplatform.h" />
  </ItemGroup>
</Project>